// !$*UTF8*$!
{
	archiveVersion = 1;
	classes = {
	};
	objectVersion = 50;
	objects = {

/* Begin PBXBuildFile section */
		1851668E243A7B4100C5F088 /* AppDelegate.swift in Sources */ = {isa = PBXBuildFile; fileRef = 1851668D243A7B4100C5F088 /* AppDelegate.swift */; };
		18516690243A7B4100C5F088 /* SceneDelegate.swift in Sources */ = {isa = PBXBuildFile; fileRef = 1851668F243A7B4100C5F088 /* SceneDelegate.swift */; };
		18516692243A7B4100C5F088 /* ViewController.swift in Sources */ = {isa = PBXBuildFile; fileRef = 18516691243A7B4100C5F088 /* ViewController.swift */; };
		18516695243A7B4100C5F088 /* Main.storyboard in Resources */ = {isa = PBXBuildFile; fileRef = 18516693243A7B4100C5F088 /* Main.storyboard */; };
		18516697243A7B4200C5F088 /* Assets.xcassets in Resources */ = {isa = PBXBuildFile; fileRef = 18516696243A7B4200C5F088 /* Assets.xcassets */; };
		1851669A243A7B4200C5F088 /* LaunchScreen.storyboard in Resources */ = {isa = PBXBuildFile; fileRef = 18516698243A7B4200C5F088 /* LaunchScreen.storyboard */; };
		18CF9DEC24448EAC00090731 /* RecipeData.swift in Sources */ = {isa = PBXBuildFile; fileRef = 18CF9DEB24448EAC00090731 /* RecipeData.swift */; };
/* End PBXBuildFile section */

/* Begin PBXFileReference section */
		1851668A243A7B4100C5F088 /* BrewTime.app */ = {isa = PBXFileReference; explicitFileType = wrapper.application; includeInIndex = 0; path = BrewTime.app; sourceTree = BUILT_PRODUCTS_DIR; };
		1851668D243A7B4100C5F088 /* AppDelegate.swift */ = {isa = PBXFileReference; lastKnownFileType = sourcecode.swift; path = AppDelegate.swift; sourceTree = "<group>"; };
		1851668F243A7B4100C5F088 /* SceneDelegate.swift */ = {isa = PBXFileReference; lastKnownFileType = sourcecode.swift; path = SceneDelegate.swift; sourceTree = "<group>"; };
		18516691243A7B4100C5F088 /* ViewController.swift */ = {isa = PBXFileReference; lastKnownFileType = sourcecode.swift; path = ViewController.swift; sourceTree = "<group>"; };
		18516694243A7B4100C5F088 /* Base */ = {isa = PBXFileReference; lastKnownFileType = file.storyboard; name = Base; path = Base.lproj/Main.storyboard; sourceTree = "<group>"; };
		18516696243A7B4200C5F088 /* Assets.xcassets */ = {isa = PBXFileReference; lastKnownFileType = folder.assetcatalog; path = Assets.xcassets; sourceTree = "<group>"; };
		18516699243A7B4200C5F088 /* Base */ = {isa = PBXFileReference; lastKnownFileType = file.storyboard; name = Base; path = Base.lproj/LaunchScreen.storyboard; sourceTree = "<group>"; };
		1851669B243A7B4200C5F088 /* Info.plist */ = {isa = PBXFileReference; lastKnownFileType = text.plist.xml; path = Info.plist; sourceTree = "<group>"; };
		18CF9DEB24448EAC00090731 /* RecipeData.swift */ = {isa = PBXFileReference; lastKnownFileType = sourcecode.swift; path = RecipeData.swift; sourceTree = "<group>"; };
/* End PBXFileReference section */

/* Begin PBXFrameworksBuildPhase section */
		18516687243A7B4100C5F088 /* Frameworks */ = {
			isa = PBXFrameworksBuildPhase;
			buildActionMask = 2147483647;
			files = (
			);
			runOnlyForDeploymentPostprocessing = 0;
		};
/* End PBXFrameworksBuildPhase section */

/* Begin PBXGroup section */
		18516681243A7B4100C5F088 = {
			isa = PBXGroup;
			children = (
				1851668C243A7B4100C5F088 /* BrewTime */,
				1851668B243A7B4100C5F088 /* Products */,
			);
			sourceTree = "<group>";
		};
		1851668B243A7B4100C5F088 /* Products */ = {
			isa = PBXGroup;
			children = (
				1851668A243A7B4100C5F088 /* BrewTime.app */,
			);
			name = Products;
			sourceTree = "<group>";
		};
		1851668C243A7B4100C5F088 /* BrewTime */ = {
			isa = PBXGroup;
			children = (
				1851668D243A7B4100C5F088 /* AppDelegate.swift */,
				1851668F243A7B4100C5F088 /* SceneDelegate.swift */,
				18516691243A7B4100C5F088 /* ViewController.swift */,
				18516693243A7B4100C5F088 /* Main.storyboard */,
				18516696243A7B4200C5F088 /* Assets.xcassets */,
				18516698243A7B4200C5F088 /* LaunchScreen.storyboard */,
				1851669B243A7B4200C5F088 /* Info.plist */,
				18CF9DEB24448EAC00090731 /* RecipeData.swift */,
			);
			path = BrewTime;
			sourceTree = "<group>";
		};
/* End PBXGroup section */

/* Begin PBXNativeTarget section */
		18516689243A7B4100C5F088 /* BrewTime */ = {
			isa = PBXNativeTarget;
			buildConfigurationList = 185166B4243A7B4200C5F088 /* Build configuration list for PBXNativeTarget "BrewTime" */;
			buildPhases = (
				18516686243A7B4100C5F088 /* Sources */,
				18516687243A7B4100C5F088 /* Frameworks */,
				18516688243A7B4100C5F088 /* Resources */,
			);
			buildRules = (
			);
			dependencies = (
			);
			name = BrewTime;
			productName = BrewTime;
			productReference = 1851668A243A7B4100C5F088 /* BrewTime.app */;
			productType = "com.apple.product-type.application";
		};
/* End PBXNativeTarget section */

/* Begin PBXProject section */
		18516682243A7B4100C5F088 /* Project object */ = {
			isa = PBXProject;
			attributes = {
				LastSwiftUpdateCheck = 1140;
				LastUpgradeCheck = 1140;
				ORGANIZATIONNAME = "Staudenmaier & Co";
				TargetAttributes = {
					18516689243A7B4100C5F088 = {
						CreatedOnToolsVersion = 11.4;
					};
				};
			};
			buildConfigurationList = 18516685243A7B4100C5F088 /* Build configuration list for PBXProject "BrewTime" */;
			compatibilityVersion = "Xcode 9.3";
			developmentRegion = en;
			hasScannedForEncodings = 0;
			knownRegions = (
				en,
				Base,
			);
			mainGroup = 18516681243A7B4100C5F088;
			productRefGroup = 1851668B243A7B4100C5F088 /* Products */;
			projectDirPath = "";
			projectRoot = "";
			targets = (
				18516689243A7B4100C5F088 /* BrewTime */,
			);
		};
/* End PBXProject section */

/* Begin PBXResourcesBuildPhase section */
		18516688243A7B4100C5F088 /* Resources */ = {
			isa = PBXResourcesBuildPhase;
			buildActionMask = 2147483647;
			files = (
				1851669A243A7B4200C5F088 /* LaunchScreen.storyboard in Resources */,
				18516697243A7B4200C5F088 /* Assets.xcassets in Resources */,
				18516695243A7B4100C5F088 /* Main.storyboard in Resources */,
			);
			runOnlyForDeploymentPostprocessing = 0;
		};
/* End PBXResourcesBuildPhase section */

/* Begin PBXSourcesBuildPhase section */
		18516686243A7B4100C5F088 /* Sources */ = {
			isa = PBXSourcesBuildPhase;
			buildActionMask = 2147483647;
			files = (
				18516692243A7B4100C5F088 /* ViewController.swift in Sources */,
				18CF9DEC24448EAC00090731 /* RecipeData.swift in Sources */,
				1851668E243A7B4100C5F088 /* AppDelegate.swift in Sources */,
				18516690243A7B4100C5F088 /* SceneDelegate.swift in Sources */,
			);
			runOnlyForDeploymentPostprocessing = 0;
		};
/* End PBXSourcesBuildPhase section */

/* Begin PBXVariantGroup section */
		18516693243A7B4100C5F088 /* Main.storyboard */ = {
			isa = PBXVariantGroup;
			children = (
				18516694243A7B4100C5F088 /* Base */,
			);
			name = Main.storyboard;
			sourceTree = "<group>";
		};
		18516698243A7B4200C5F088 /* LaunchScreen.storyboard */ = {
			isa = PBXVariantGroup;
			children = (
				18516699243A7B4200C5F088 /* Base */,
			);
			name = LaunchScreen.storyboard;
			sourceTree = "<group>";
		};
/* End PBXVariantGroup section */

/* Begin XCBuildConfiguration section */
		185166B2243A7B4200C5F088 /* Debug */ = {
			isa = XCBuildConfiguration;
			buildSettings = {
				ALWAYS_SEARCH_USER_PATHS = NO;
				CLANG_ANALYZER_NONNULL = YES;
				CLANG_ANALYZER_NUMBER_OBJECT_CONVERSION = YES_AGGRESSIVE;
				CLANG_CXX_LANGUAGE_STANDARD = "gnu++14";
				CLANG_CXX_LIBRARY = "libc++";
				CLANG_ENABLE_MODULES = YES;
				CLANG_ENABLE_OBJC_ARC = YES;
				CLANG_ENABLE_OBJC_WEAK = YES;
				CLANG_WARN_BLOCK_CAPTURE_AUTORELEASING = YES;
				CLANG_WARN_BOOL_CONVERSION = YES;
				CLANG_WARN_COMMA = YES;
				CLANG_WARN_CONSTANT_CONVERSION = YES;
				CLANG_WARN_DEPRECATED_OBJC_IMPLEMENTATIONS = YES;
				CLANG_WARN_DIRECT_OBJC_ISA_USAGE = YES_ERROR;
				CLANG_WARN_DOCUMENTATION_COMMENTS = YES;
				CLANG_WARN_EMPTY_BODY = YES;
				CLANG_WARN_ENUM_CONVERSION = YES;
				CLANG_WARN_INFINITE_RECURSION = YES;
				CLANG_WARN_INT_CONVERSION = YES;
				CLANG_WARN_NON_LITERAL_NULL_CONVERSION = YES;
				CLANG_WARN_OBJC_IMPLICIT_RETAIN_SELF = YES;
				CLANG_WARN_OBJC_LITERAL_CONVERSION = YES;
				CLANG_WARN_OBJC_ROOT_CLASS = YES_ERROR;
				CLANG_WARN_RANGE_LOOP_ANALYSIS = YES;
				CLANG_WARN_STRICT_PROTOTYPES = YES;
				CLANG_WARN_SUSPICIOUS_MOVE = YES;
				CLANG_WARN_UNGUARDED_AVAILABILITY = YES_AGGRESSIVE;
				CLANG_WARN_UNREACHABLE_CODE = YES;
				CLANG_WARN__DUPLICATE_METHOD_MATCH = YES;
				COPY_PHASE_STRIP = NO;
				DEBUG_INFORMATION_FORMAT = dwarf;
				ENABLE_STRICT_OBJC_MSGSEND = YES;
				ENABLE_TESTABILITY = YES;
				GCC_C_LANGUAGE_STANDARD = gnu11;
				GCC_DYNAMIC_NO_PIC = NO;
				GCC_NO_COMMON_BLOCKS = YES;
				GCC_OPTIMIZATION_LEVEL = 0;
				GCC_PREPROCESSOR_DEFINITIONS = (
					"DEBUG=1",
					"$(inherited)",
				);
				GCC_WARN_64_TO_32_BIT_CONVERSION = YES;
				GCC_WARN_ABOUT_RETURN_TYPE = YES_ERROR;
				GCC_WARN_UNDECLARED_SELECTOR = YES;
				GCC_WARN_UNINITIALIZED_AUTOS = YES_AGGRESSIVE;
				GCC_WARN_UNUSED_FUNCTION = YES;
				GCC_WARN_UNUSED_VARIABLE = YES;
				IPHONEOS_DEPLOYMENT_TARGET = 13.4;
				MTL_ENABLE_DEBUG_INFO = INCLUDE_SOURCE;
				MTL_FAST_MATH = YES;
				ONLY_ACTIVE_ARCH = YES;
				SDKROOT = iphoneos;
				SWIFT_ACTIVE_COMPILATION_CONDITIONS = DEBUG;
				SWIFT_OPTIMIZATION_LEVEL = "-Onone";
			};
			name = Debug;
		};
		185166B3243A7B4200C5F088 /* Release */ = {
			isa = XCBuildConfiguration;
			buildSettings = {
				ALWAYS_SEARCH_USER_PATHS = NO;
				CLANG_ANALYZER_NONNULL = YES;
				CLANG_ANALYZER_NUMBER_OBJECT_CONVERSION = YES_AGGRESSIVE;
				CLANG_CXX_LANGUAGE_STANDARD = "gnu++14";
				CLANG_CXX_LIBRARY = "libc++";
				CLANG_ENABLE_MODULES = YES;
				CLANG_ENABLE_OBJC_ARC = YES;
				CLANG_ENABLE_OBJC_WEAK = YES;
				CLANG_WARN_BLOCK_CAPTURE_AUTORELEASING = YES;
				CLANG_WARN_BOOL_CONVERSION = YES;
				CLANG_WARN_COMMA = YES;
				CLANG_WARN_CONSTANT_CONVERSION = YES;
				CLANG_WARN_DEPRECATED_OBJC_IMPLEMENTATIONS = YES;
				CLANG_WARN_DIRECT_OBJC_ISA_USAGE = YES_ERROR;
				CLANG_WARN_DOCUMENTATION_COMMENTS = YES;
				CLANG_WARN_EMPTY_BODY = YES;
				CLANG_WARN_ENUM_CONVERSION = YES;
				CLANG_WARN_INFINITE_RECURSION = YES;
				CLANG_WARN_INT_CONVERSION = YES;
				CLANG_WARN_NON_LITERAL_NULL_CONVERSION = YES;
				CLANG_WARN_OBJC_IMPLICIT_RETAIN_SELF = YES;
				CLANG_WARN_OBJC_LITERAL_CONVERSION = YES;
				CLANG_WARN_OBJC_ROOT_CLASS = YES_ERROR;
				CLANG_WARN_RANGE_LOOP_ANALYSIS = YES;
				CLANG_WARN_STRICT_PROTOTYPES = YES;
				CLANG_WARN_SUSPICIOUS_MOVE = YES;
				CLANG_WARN_UNGUARDED_AVAILABILITY = YES_AGGRESSIVE;
				CLANG_WARN_UNREACHABLE_CODE = YES;
				CLANG_WARN__DUPLICATE_METHOD_MATCH = YES;
				COPY_PHASE_STRIP = NO;
				DEBUG_INFORMATION_FORMAT = "dwarf-with-dsym";
				ENABLE_NS_ASSERTIONS = NO;
				ENABLE_STRICT_OBJC_MSGSEND = YES;
				GCC_C_LANGUAGE_STANDARD = gnu11;
				GCC_NO_COMMON_BLOCKS = YES;
				GCC_WARN_64_TO_32_BIT_CONVERSION = YES;
				GCC_WARN_ABOUT_RETURN_TYPE = YES_ERROR;
				GCC_WARN_UNDECLARED_SELECTOR = YES;
				GCC_WARN_UNINITIALIZED_AUTOS = YES_AGGRESSIVE;
				GCC_WARN_UNUSED_FUNCTION = YES;
				GCC_WARN_UNUSED_VARIABLE = YES;
				IPHONEOS_DEPLOYMENT_TARGET = 13.4;
				MTL_ENABLE_DEBUG_INFO = NO;
				MTL_FAST_MATH = YES;
				SDKROOT = iphoneos;
				SWIFT_COMPILATION_MODE = wholemodule;
				SWIFT_OPTIMIZATION_LEVEL = "-O";
				VALIDATE_PRODUCT = YES;
			};
			name = Release;
		};
		185166B5243A7B4200C5F088 /* Debug */ = {
			isa = XCBuildConfiguration;
			buildSettings = {
				ASSETCATALOG_COMPILER_APPICON_NAME = AppIcon;
				CODE_SIGN_STYLE = Automatic;
				DEVELOPMENT_TEAM = NQD23TUBSD;
				INFOPLIST_FILE = BrewTime/Info.plist;
				LD_RUNPATH_SEARCH_PATHS = (
					"$(inherited)",
					"@executable_path/Frameworks",
				);
				PRODUCT_BUNDLE_IDENTIFIER = stdnmr.BrewTime;
				PRODUCT_NAME = "$(TARGET_NAME)";
				SWIFT_VERSION = 5.0;
				TARGETED_DEVICE_FAMILY = "1,2";
			};
			name = Debug;
		};
		185166B6243A7B4200C5F088 /* Release */ = {
			isa = XCBuildConfiguration;
			buildSettings = {
				ASSETCATALOG_COMPILER_APPICON_NAME = AppIcon;
				CODE_SIGN_STYLE = Automatic;
				DEVELOPMENT_TEAM = NQD23TUBSD;
				INFOPLIST_FILE = BrewTime/Info.plist;
				LD_RUNPATH_SEARCH_PATHS = (
					"$(inherited)",
					"@executable_path/Frameworks",
				);
				PRODUCT_BUNDLE_IDENTIFIER = stdnmr.BrewTime;
				PRODUCT_NAME = "$(TARGET_NAME)";
				SWIFT_VERSION = 5.0;
				TARGETED_DEVICE_FAMILY = "1,2";
			};
			name = Release;
		};
/* End XCBuildConfiguration section */

/* Begin XCConfigurationList section */
		18516685243A7B4100C5F088 /* Build configuration list for PBXProject "BrewTime" */ = {
			isa = XCConfigurationList;
			buildConfigurations = (
				185166B2243A7B4200C5F088 /* Debug */,
				185166B3243A7B4200C5F088 /* Release */,
			);
			defaultConfigurationIsVisible = 0;
			defaultConfigurationName = Release;
		};
		185166B4243A7B4200C5F088 /* Build configuration list for PBXNativeTarget "BrewTime" */ = {
			isa = XCConfigurationList;
			buildConfigurations = (
				185166B5243A7B4200C5F088 /* Debug */,
				185166B6243A7B4200C5F088 /* Release */,
			);
			defaultConfigurationIsVisible = 0;
			defaultConfigurationName = Release;
		};
/* End XCConfigurationList section */
	};
	rootObject = 18516682243A7B4100C5F088 /* Project object */;
}
